
Microsoft Visual Studio Solution File, Format Version 12.00
# Visual Studio Version 17
VisualStudioVersion = 17.14.36109.1 d17.14
MinimumVisualStudioVersion = 10.0.40219.1
Project("{FAE04EC0-301F-11D3-BF4B-00C04F79EFBC}") = "console_rpg_app", "console_rpg_app\console_rpg_app.csproj", "{AE01218F-21CC-4A31-81E5-31A60A3E1CE9}"
EndProject
Project("{FAE04EC0-301F-11D3-BF4B-00C04F79EFBC}") = "console_rpg_app.Tests", "console_rpg_app.Tests\console_rpg_app.Tests.csproj", "{AA6A7304-A7F4-4C9D-84E3-67ADB235E8DD}"
EndProject
Global
	GlobalSection(SolutionConfigurationPlatforms) = preSolution
		Debug|Any CPU = Debug|Any CPU
		Release|Any CPU = Release|Any CPU
	EndGlobalSection
	GlobalSection(ProjectConfigurationPlatforms) = postSolution
		{AE01218F-21CC-4A31-81E5-31A60A3E1CE9}.Debug|Any CPU.ActiveCfg = Debug|Any CPU
		{AE01218F-21CC-4A31-81E5-31A60A3E1CE9}.Debug|Any CPU.Build.0 = Debug|Any CPU
		{AE01218F-21CC-4A31-81E5-31A60A3E1CE9}.Release|Any CPU.ActiveCfg = Release|Any CPU
		{AE01218F-21CC-4A31-81E5-31A60A3E1CE9}.Release|Any CPU.Build.0 = Release|Any CPU
		{AA6A7304-A7F4-4C9D-84E3-67ADB235E8DD}.Debug|Any CPU.ActiveCfg = Debug|Any CPU
		{AA6A7304-A7F4-4C9D-84E3-67ADB235E8DD}.Debug|Any CPU.Build.0 = Debug|Any CPU
		{AA6A7304-A7F4-4C9D-84E3-67ADB235E8DD}.Release|Any CPU.ActiveCfg = Release|Any CPU
		{AA6A7304-A7F4-4C9D-84E3-67ADB235E8DD}.Release|Any CPU.Build.0 = Release|Any CPU
	EndGlobalSection
	GlobalSection(SolutionProperties) = preSolution
		HideSolutionNode = FALSE
	EndGlobalSection
	GlobalSection(ExtensibilityGlobals) = postSolution
		SolutionGuid = {948D6A3E-BFED-4CDC-B729-332018F47CCE}
	EndGlobalSection
EndGlobal
